# THIS IS AN AUTOGENERATED FILE. DO NOT EDIT THIS FILE DIRECTLY.
# yarn lockfile v1


reveal.js@^3.7.0:
  version "3.7.0"
  resolved "https://registry.yarnpkg.com/reveal.js/-/reveal.js-3.7.0.tgz#7afaf72fd963000381289d58f3aa54c0c46b150c"
  integrity sha512-HTOTNhF5mQAw6fcsptk4oql/DEEUwTG0YHk/LzTNNx0/3IgvOQZqKzvlK/zNpqqKMLlhn1gH9Nvp+FFoc/e5/w==
