# THIS IS AN AUTOGENERATED FILE. DO NOT EDIT THIS FILE DIRECTLY.
# yarn lockfile v1


reveal.js@^3.9.2:
  version "3.9.2"
  resolved "https://registry.yarnpkg.com/reveal.js/-/reveal.js-3.9.2.tgz#7f63d3dfec338b6c313dcabdf006e8cf80e0b358"
  integrity sha512-Dvv2oA9FrtOHE2DWj5js8pMRfwq++Wmvsn1EyAdYLC80lBjTphns+tPsB652Bnvep9AVviuVS/b4XoVY9rXHLA==
